// !$*UTF8*$!
{
	archiveVersion = 1;
	classes = {
	};
	objectVersion = 56;
	objects = {

/* Begin PBXBuildFile section */
		B23B88012AE22FFE002815B5 /* PersonalSpaceApp.swift in Sources */ = {isa = PBXBuildFile; fileRef = B23B88002AE22FFE002815B5 /* PersonalSpaceApp.swift */; };
		B23B88032AE22FFE002815B5 /* ContentView.swift in Sources */ = {isa = PBXBuildFile; fileRef = B23B88022AE22FFE002815B5 /* ContentView.swift */; };
		B23B88052AE22FFE002815B5 /* Item.swift in Sources */ = {isa = PBXBuildFile; fileRef = B23B88042AE22FFE002815B5 /* Item.swift */; };
		B23B88072AE22FFF002815B5 /* Assets.xcassets in Resources */ = {isa = PBXBuildFile; fileRef = B23B88062AE22FFF002815B5 /* Assets.xcassets */; };
		B23B880A2AE22FFF002815B5 /* Preview Assets.xcassets in Resources */ = {isa = PBXBuildFile; fileRef = B23B88092AE22FFF002815B5 /* Preview Assets.xcassets */; };
		B23B88142AE22FFF002815B5 /* PersonalSpaceTests.swift in Sources */ = {isa = PBXBuildFile; fileRef = B23B88132AE22FFF002815B5 /* PersonalSpaceTests.swift */; };
		B23B881E2AE22FFF002815B5 /* PersonalSpaceUITests.swift in Sources */ = {isa = PBXBuildFile; fileRef = B23B881D2AE22FFF002815B5 /* PersonalSpaceUITests.swift */; };
		B23B88202AE22FFF002815B5 /* PersonalSpaceUITestsLaunchTests.swift in Sources */ = {isa = PBXBuildFile; fileRef = B23B881F2AE22FFF002815B5 /* PersonalSpaceUITestsLaunchTests.swift */; };
		B23B88312AE2315D002815B5 /* Welcome.swift in Sources */ = {isa = PBXBuildFile; fileRef = B23B88302AE2315D002815B5 /* Welcome.swift */; };
		B23B88722AE26283002815B5 /* ProjectSpaceWatchApp.swift in Sources */ = {isa = PBXBuildFile; fileRef = B23B88712AE26283002815B5 /* ProjectSpaceWatchApp.swift */; };
		B23B88742AE26283002815B5 /* ContentView.swift in Sources */ = {isa = PBXBuildFile; fileRef = B23B88732AE26283002815B5 /* ContentView.swift */; };
		B23B88762AE26284002815B5 /* Assets.xcassets in Resources */ = {isa = PBXBuildFile; fileRef = B23B88752AE26284002815B5 /* Assets.xcassets */; };
		B23B88792AE26284002815B5 /* Preview Assets.xcassets in Resources */ = {isa = PBXBuildFile; fileRef = B23B88782AE26284002815B5 /* Preview Assets.xcassets */; };
		B23B88832AE26284002815B5 /* ProjectSpaceWatch_Watch_AppTests.swift in Sources */ = {isa = PBXBuildFile; fileRef = B23B88822AE26284002815B5 /* ProjectSpaceWatch_Watch_AppTests.swift */; };
		B23B888D2AE26284002815B5 /* ProjectSpaceWatch_Watch_AppUITests.swift in Sources */ = {isa = PBXBuildFile; fileRef = B23B888C2AE26284002815B5 /* ProjectSpaceWatch_Watch_AppUITests.swift */; };
		B23B888F2AE26284002815B5 /* ProjectSpaceWatch_Watch_AppUITestsLaunchTests.swift in Sources */ = {isa = PBXBuildFile; fileRef = B23B888E2AE26284002815B5 /* ProjectSpaceWatch_Watch_AppUITestsLaunchTests.swift */; };
		B23B889C2AE264F3002815B5 /* RailsBroken.otf in Resources */ = {isa = PBXBuildFile; fileRef = B23B889A2AE264F3002815B5 /* RailsBroken.otf */; };
		B23B889D2AE264F3002815B5 /* RailsBroken.otf in Resources */ = {isa = PBXBuildFile; fileRef = B23B889A2AE264F3002815B5 /* RailsBroken.otf */; };
		B23B889E2AE264F3002815B5 /* RailsDisplay.otf in Resources */ = {isa = PBXBuildFile; fileRef = B23B889B2AE264F3002815B5 /* RailsDisplay.otf */; };
		B23B889F2AE264F3002815B5 /* RailsDisplay.otf in Resources */ = {isa = PBXBuildFile; fileRef = B23B889B2AE264F3002815B5 /* RailsDisplay.otf */; };
/* End PBXBuildFile section */

/* Begin PBXContainerItemProxy section */
		B23B88102AE22FFF002815B5 /* PBXContainerItemProxy */ = {
			isa = PBXContainerItemProxy;
			containerPortal = B23B87F52AE22FFE002815B5 /* Project object */;
			proxyType = 1;
			remoteGlobalIDString = B23B87FC2AE22FFE002815B5;
			remoteInfo = PersonalSpace;
		};
		B23B881A2AE22FFF002815B5 /* PBXContainerItemProxy */ = {
			isa = PBXContainerItemProxy;
			containerPortal = B23B87F52AE22FFE002815B5 /* Project object */;
			proxyType = 1;
			remoteGlobalIDString = B23B87FC2AE22FFE002815B5;
			remoteInfo = PersonalSpace;
		};
		B23B887F2AE26284002815B5 /* PBXContainerItemProxy */ = {
			isa = PBXContainerItemProxy;
			containerPortal = B23B87F52AE22FFE002815B5 /* Project object */;
			proxyType = 1;
			remoteGlobalIDString = B23B886E2AE26283002815B5;
			remoteInfo = "ProjectSpaceWatch Watch App";
		};
		B23B88892AE26284002815B5 /* PBXContainerItemProxy */ = {
			isa = PBXContainerItemProxy;
			containerPortal = B23B87F52AE22FFE002815B5 /* Project object */;
			proxyType = 1;
			remoteGlobalIDString = B23B886E2AE26283002815B5;
			remoteInfo = "ProjectSpaceWatch Watch App";
		};
/* End PBXContainerItemProxy section */

/* Begin PBXFileReference section */
		B23B87FD2AE22FFE002815B5 /* PersonalSpace.app */ = {isa = PBXFileReference; explicitFileType = wrapper.application; includeInIndex = 0; path = PersonalSpace.app; sourceTree = BUILT_PRODUCTS_DIR; };
		B23B88002AE22FFE002815B5 /* PersonalSpaceApp.swift */ = {isa = PBXFileReference; lastKnownFileType = sourcecode.swift; path = PersonalSpaceApp.swift; sourceTree = "<group>"; };
		B23B88022AE22FFE002815B5 /* ContentView.swift */ = {isa = PBXFileReference; lastKnownFileType = sourcecode.swift; path = ContentView.swift; sourceTree = "<group>"; };
		B23B88042AE22FFE002815B5 /* Item.swift */ = {isa = PBXFileReference; lastKnownFileType = sourcecode.swift; path = Item.swift; sourceTree = "<group>"; };
		B23B88062AE22FFF002815B5 /* Assets.xcassets */ = {isa = PBXFileReference; lastKnownFileType = folder.assetcatalog; path = Assets.xcassets; sourceTree = "<group>"; };
		B23B88092AE22FFF002815B5 /* Preview Assets.xcassets */ = {isa = PBXFileReference; lastKnownFileType = folder.assetcatalog; path = "Preview Assets.xcassets"; sourceTree = "<group>"; };
		B23B880F2AE22FFF002815B5 /* PersonalSpaceTests.xctest */ = {isa = PBXFileReference; explicitFileType = wrapper.cfbundle; includeInIndex = 0; path = PersonalSpaceTests.xctest; sourceTree = BUILT_PRODUCTS_DIR; };
		B23B88132AE22FFF002815B5 /* PersonalSpaceTests.swift */ = {isa = PBXFileReference; lastKnownFileType = sourcecode.swift; path = PersonalSpaceTests.swift; sourceTree = "<group>"; };
		B23B88192AE22FFF002815B5 /* PersonalSpaceUITests.xctest */ = {isa = PBXFileReference; explicitFileType = wrapper.cfbundle; includeInIndex = 0; path = PersonalSpaceUITests.xctest; sourceTree = BUILT_PRODUCTS_DIR; };
		B23B881D2AE22FFF002815B5 /* PersonalSpaceUITests.swift */ = {isa = PBXFileReference; lastKnownFileType = sourcecode.swift; path = PersonalSpaceUITests.swift; sourceTree = "<group>"; };
		B23B881F2AE22FFF002815B5 /* PersonalSpaceUITestsLaunchTests.swift */ = {isa = PBXFileReference; lastKnownFileType = sourcecode.swift; path = PersonalSpaceUITestsLaunchTests.swift; sourceTree = "<group>"; };
		B23B88302AE2315D002815B5 /* Welcome.swift */ = {isa = PBXFileReference; lastKnownFileType = sourcecode.swift; path = Welcome.swift; sourceTree = "<group>"; };
		B23B886F2AE26283002815B5 /* ProjectSpaceWatch Watch App.app */ = {isa = PBXFileReference; explicitFileType = wrapper.application; includeInIndex = 0; path = "ProjectSpaceWatch Watch App.app"; sourceTree = BUILT_PRODUCTS_DIR; };
		B23B88712AE26283002815B5 /* ProjectSpaceWatchApp.swift */ = {isa = PBXFileReference; lastKnownFileType = sourcecode.swift; path = ProjectSpaceWatchApp.swift; sourceTree = "<group>"; };
		B23B88732AE26283002815B5 /* ContentView.swift */ = {isa = PBXFileReference; lastKnownFileType = sourcecode.swift; path = ContentView.swift; sourceTree = "<group>"; };
		B23B88752AE26284002815B5 /* Assets.xcassets */ = {isa = PBXFileReference; lastKnownFileType = folder.assetcatalog; path = Assets.xcassets; sourceTree = "<group>"; };
		B23B88782AE26284002815B5 /* Preview Assets.xcassets */ = {isa = PBXFileReference; lastKnownFileType = folder.assetcatalog; path = "Preview Assets.xcassets"; sourceTree = "<group>"; };
		B23B887E2AE26284002815B5 /* ProjectSpaceWatch Watch AppTests.xctest */ = {isa = PBXFileReference; explicitFileType = wrapper.cfbundle; includeInIndex = 0; path = "ProjectSpaceWatch Watch AppTests.xctest"; sourceTree = BUILT_PRODUCTS_DIR; };
		B23B88822AE26284002815B5 /* ProjectSpaceWatch_Watch_AppTests.swift */ = {isa = PBXFileReference; lastKnownFileType = sourcecode.swift; path = ProjectSpaceWatch_Watch_AppTests.swift; sourceTree = "<group>"; };
		B23B88882AE26284002815B5 /* ProjectSpaceWatch Watch AppUITests.xctest */ = {isa = PBXFileReference; explicitFileType = wrapper.cfbundle; includeInIndex = 0; path = "ProjectSpaceWatch Watch AppUITests.xctest"; sourceTree = BUILT_PRODUCTS_DIR; };
		B23B888C2AE26284002815B5 /* ProjectSpaceWatch_Watch_AppUITests.swift */ = {isa = PBXFileReference; lastKnownFileType = sourcecode.swift; path = ProjectSpaceWatch_Watch_AppUITests.swift; sourceTree = "<group>"; };
		B23B888E2AE26284002815B5 /* ProjectSpaceWatch_Watch_AppUITestsLaunchTests.swift */ = {isa = PBXFileReference; lastKnownFileType = sourcecode.swift; path = ProjectSpaceWatch_Watch_AppUITestsLaunchTests.swift; sourceTree = "<group>"; };
		B23B88992AE2642B002815B5 /* Info.plist */ = {isa = PBXFileReference; lastKnownFileType = text.plist; path = Info.plist; sourceTree = "<group>"; };
		B23B889A2AE264F3002815B5 /* RailsBroken.otf */ = {isa = PBXFileReference; lastKnownFileType = file; name = RailsBroken.otf; path = ../../../../../Downloads/RailsBroken.otf; sourceTree = "<group>"; };
		B23B889B2AE264F3002815B5 /* RailsDisplay.otf */ = {isa = PBXFileReference; lastKnownFileType = file; name = RailsDisplay.otf; path = ../../../../../Downloads/RailsDisplay.otf; sourceTree = "<group>"; };
/* End PBXFileReference section */

/* Begin PBXFrameworksBuildPhase section */
		B23B87FA2AE22FFE002815B5 /* Frameworks */ = {
			isa = PBXFrameworksBuildPhase;
			buildActionMask = 2147483647;
			files = (
			);
			runOnlyForDeploymentPostprocessing = 0;
		};
		B23B880C2AE22FFF002815B5 /* Frameworks */ = {
			isa = PBXFrameworksBuildPhase;
			buildActionMask = 2147483647;
			files = (
			);
			runOnlyForDeploymentPostprocessing = 0;
		};
		B23B88162AE22FFF002815B5 /* Frameworks */ = {
			isa = PBXFrameworksBuildPhase;
			buildActionMask = 2147483647;
			files = (
			);
			runOnlyForDeploymentPostprocessing = 0;
		};
		B23B886C2AE26283002815B5 /* Frameworks */ = {
			isa = PBXFrameworksBuildPhase;
			buildActionMask = 2147483647;
			files = (
			);
			runOnlyForDeploymentPostprocessing = 0;
		};
		B23B887B2AE26284002815B5 /* Frameworks */ = {
			isa = PBXFrameworksBuildPhase;
			buildActionMask = 2147483647;
			files = (
			);
			runOnlyForDeploymentPostprocessing = 0;
		};
		B23B88852AE26284002815B5 /* Frameworks */ = {
			isa = PBXFrameworksBuildPhase;
			buildActionMask = 2147483647;
			files = (
			);
			runOnlyForDeploymentPostprocessing = 0;
		};
/* End PBXFrameworksBuildPhase section */

/* Begin PBXGroup section */
		B23B87F42AE22FFE002815B5 = {
			isa = PBXGroup;
			children = (
				B23B87FF2AE22FFE002815B5 /* PersonalSpace */,
				B23B88122AE22FFF002815B5 /* PersonalSpaceTests */,
				B23B881C2AE22FFF002815B5 /* PersonalSpaceUITests */,
				B23B88702AE26283002815B5 /* ProjectSpaceWatch Watch App */,
				B23B88812AE26284002815B5 /* ProjectSpaceWatch Watch AppTests */,
				B23B888B2AE26284002815B5 /* ProjectSpaceWatch Watch AppUITests */,
				B23B87FE2AE22FFE002815B5 /* Products */,
			);
			sourceTree = "<group>";
		};
		B23B87FE2AE22FFE002815B5 /* Products */ = {
			isa = PBXGroup;
			children = (
				B23B87FD2AE22FFE002815B5 /* PersonalSpace.app */,
				B23B880F2AE22FFF002815B5 /* PersonalSpaceTests.xctest */,
				B23B88192AE22FFF002815B5 /* PersonalSpaceUITests.xctest */,
				B23B886F2AE26283002815B5 /* ProjectSpaceWatch Watch App.app */,
				B23B887E2AE26284002815B5 /* ProjectSpaceWatch Watch AppTests.xctest */,
				B23B88882AE26284002815B5 /* ProjectSpaceWatch Watch AppUITests.xctest */,
			);
			name = Products;
			sourceTree = "<group>";
		};
		B23B87FF2AE22FFE002815B5 /* PersonalSpace */ = {
			isa = PBXGroup;
			children = (
				B23B88992AE2642B002815B5 /* Info.plist */,
				B23B88322AE26152002815B5 /* Fonts */,
				B23B882F2AE23092002815B5 /* Model */,
				B23B882E2AE23086002815B5 /* API */,
				B23B882D2AE2307D002815B5 /* Service */,
				B23B882C2AE23062002815B5 /* View */,
				B23B88002AE22FFE002815B5 /* PersonalSpaceApp.swift */,
				B23B88022AE22FFE002815B5 /* ContentView.swift */,
				B23B88042AE22FFE002815B5 /* Item.swift */,
				B23B88062AE22FFF002815B5 /* Assets.xcassets */,
				B23B88082AE22FFF002815B5 /* Preview Content */,
			);
			path = PersonalSpace;
			sourceTree = "<group>";
		};
		B23B88082AE22FFF002815B5 /* Preview Content */ = {
			isa = PBXGroup;
			children = (
				B23B88092AE22FFF002815B5 /* Preview Assets.xcassets */,
			);
			path = "Preview Content";
			sourceTree = "<group>";
		};
		B23B88122AE22FFF002815B5 /* PersonalSpaceTests */ = {
			isa = PBXGroup;
			children = (
				B23B88132AE22FFF002815B5 /* PersonalSpaceTests.swift */,
			);
			path = PersonalSpaceTests;
			sourceTree = "<group>";
		};
		B23B881C2AE22FFF002815B5 /* PersonalSpaceUITests */ = {
			isa = PBXGroup;
			children = (
				B23B881D2AE22FFF002815B5 /* PersonalSpaceUITests.swift */,
				B23B881F2AE22FFF002815B5 /* PersonalSpaceUITestsLaunchTests.swift */,
			);
			path = PersonalSpaceUITests;
			sourceTree = "<group>";
		};
		B23B882C2AE23062002815B5 /* View */ = {
			isa = PBXGroup;
			children = (
				B23B88302AE2315D002815B5 /* Welcome.swift */,
			);
			path = View;
			sourceTree = "<group>";
		};
		B23B882D2AE2307D002815B5 /* Service */ = {
			isa = PBXGroup;
			children = (
			);
			path = Service;
			sourceTree = "<group>";
		};
		B23B882E2AE23086002815B5 /* API */ = {
			isa = PBXGroup;
			children = (
			);
			path = API;
			sourceTree = "<group>";
		};
		B23B882F2AE23092002815B5 /* Model */ = {
			isa = PBXGroup;
			children = (
			);
			path = Model;
			sourceTree = "<group>";
		};
		B23B88322AE26152002815B5 /* Fonts */ = {
			isa = PBXGroup;
			children = (
				B23B889A2AE264F3002815B5 /* RailsBroken.otf */,
				B23B889B2AE264F3002815B5 /* RailsDisplay.otf */,
			);
			path = Fonts;
			sourceTree = "<group>";
		};
		B23B88702AE26283002815B5 /* ProjectSpaceWatch Watch App */ = {
			isa = PBXGroup;
			children = (
				B23B88712AE26283002815B5 /* ProjectSpaceWatchApp.swift */,
				B23B88732AE26283002815B5 /* ContentView.swift */,
				B23B88752AE26284002815B5 /* Assets.xcassets */,
				B23B88772AE26284002815B5 /* Preview Content */,
			);
			path = "ProjectSpaceWatch Watch App";
			sourceTree = "<group>";
		};
		B23B88772AE26284002815B5 /* Preview Content */ = {
			isa = PBXGroup;
			children = (
				B23B88782AE26284002815B5 /* Preview Assets.xcassets */,
			);
			path = "Preview Content";
			sourceTree = "<group>";
		};
		B23B88812AE26284002815B5 /* ProjectSpaceWatch Watch AppTests */ = {
			isa = PBXGroup;
			children = (
				B23B88822AE26284002815B5 /* ProjectSpaceWatch_Watch_AppTests.swift */,
			);
			path = "ProjectSpaceWatch Watch AppTests";
			sourceTree = "<group>";
		};
		B23B888B2AE26284002815B5 /* ProjectSpaceWatch Watch AppUITests */ = {
			isa = PBXGroup;
			children = (
				B23B888C2AE26284002815B5 /* ProjectSpaceWatch_Watch_AppUITests.swift */,
				B23B888E2AE26284002815B5 /* ProjectSpaceWatch_Watch_AppUITestsLaunchTests.swift */,
			);
			path = "ProjectSpaceWatch Watch AppUITests";
			sourceTree = "<group>";
		};
/* End PBXGroup section */

/* Begin PBXNativeTarget section */
		B23B87FC2AE22FFE002815B5 /* PersonalSpace */ = {
			isa = PBXNativeTarget;
			buildConfigurationList = B23B88232AE22FFF002815B5 /* Build configuration list for PBXNativeTarget "PersonalSpace" */;
			buildPhases = (
				B23B87F92AE22FFE002815B5 /* Sources */,
				B23B87FA2AE22FFE002815B5 /* Frameworks */,
				B23B87FB2AE22FFE002815B5 /* Resources */,
			);
			buildRules = (
			);
			dependencies = (
			);
			name = PersonalSpace;
			productName = PersonalSpace;
			productReference = B23B87FD2AE22FFE002815B5 /* PersonalSpace.app */;
			productType = "com.apple.product-type.application";
		};
		B23B880E2AE22FFF002815B5 /* PersonalSpaceTests */ = {
			isa = PBXNativeTarget;
			buildConfigurationList = B23B88262AE22FFF002815B5 /* Build configuration list for PBXNativeTarget "PersonalSpaceTests" */;
			buildPhases = (
				B23B880B2AE22FFF002815B5 /* Sources */,
				B23B880C2AE22FFF002815B5 /* Frameworks */,
				B23B880D2AE22FFF002815B5 /* Resources */,
			);
			buildRules = (
			);
			dependencies = (
				B23B88112AE22FFF002815B5 /* PBXTargetDependency */,
			);
			name = PersonalSpaceTests;
			productName = PersonalSpaceTests;
			productReference = B23B880F2AE22FFF002815B5 /* PersonalSpaceTests.xctest */;
			productType = "com.apple.product-type.bundle.unit-test";
		};
		B23B88182AE22FFF002815B5 /* PersonalSpaceUITests */ = {
			isa = PBXNativeTarget;
			buildConfigurationList = B23B88292AE22FFF002815B5 /* Build configuration list for PBXNativeTarget "PersonalSpaceUITests" */;
			buildPhases = (
				B23B88152AE22FFF002815B5 /* Sources */,
				B23B88162AE22FFF002815B5 /* Frameworks */,
				B23B88172AE22FFF002815B5 /* Resources */,
			);
			buildRules = (
			);
			dependencies = (
				B23B881B2AE22FFF002815B5 /* PBXTargetDependency */,
			);
			name = PersonalSpaceUITests;
			productName = PersonalSpaceUITests;
			productReference = B23B88192AE22FFF002815B5 /* PersonalSpaceUITests.xctest */;
			productType = "com.apple.product-type.bundle.ui-testing";
		};
		B23B886E2AE26283002815B5 /* ProjectSpaceWatch Watch App */ = {
			isa = PBXNativeTarget;
			buildConfigurationList = B23B88902AE26284002815B5 /* Build configuration list for PBXNativeTarget "ProjectSpaceWatch Watch App" */;
			buildPhases = (
				B23B886B2AE26283002815B5 /* Sources */,
				B23B886C2AE26283002815B5 /* Frameworks */,
				B23B886D2AE26283002815B5 /* Resources */,
			);
			buildRules = (
			);
			dependencies = (
			);
			name = "ProjectSpaceWatch Watch App";
			productName = "ProjectSpaceWatch Watch App";
			productReference = B23B886F2AE26283002815B5 /* ProjectSpaceWatch Watch App.app */;
			productType = "com.apple.product-type.application";
		};
		B23B887D2AE26284002815B5 /* ProjectSpaceWatch Watch AppTests */ = {
			isa = PBXNativeTarget;
			buildConfigurationList = B23B88932AE26284002815B5 /* Build configuration list for PBXNativeTarget "ProjectSpaceWatch Watch AppTests" */;
			buildPhases = (
				B23B887A2AE26284002815B5 /* Sources */,
				B23B887B2AE26284002815B5 /* Frameworks */,
				B23B887C2AE26284002815B5 /* Resources */,
			);
			buildRules = (
			);
			dependencies = (
				B23B88802AE26284002815B5 /* PBXTargetDependency */,
			);
			name = "ProjectSpaceWatch Watch AppTests";
			productName = "ProjectSpaceWatch Watch AppTests";
			productReference = B23B887E2AE26284002815B5 /* ProjectSpaceWatch Watch AppTests.xctest */;
			productType = "com.apple.product-type.bundle.unit-test";
		};
		B23B88872AE26284002815B5 /* ProjectSpaceWatch Watch AppUITests */ = {
			isa = PBXNativeTarget;
			buildConfigurationList = B23B88962AE26284002815B5 /* Build configuration list for PBXNativeTarget "ProjectSpaceWatch Watch AppUITests" */;
			buildPhases = (
				B23B88842AE26284002815B5 /* Sources */,
				B23B88852AE26284002815B5 /* Frameworks */,
				B23B88862AE26284002815B5 /* Resources */,
			);
			buildRules = (
			);
			dependencies = (
				B23B888A2AE26284002815B5 /* PBXTargetDependency */,
			);
			name = "ProjectSpaceWatch Watch AppUITests";
			productName = "ProjectSpaceWatch Watch AppUITests";
			productReference = B23B88882AE26284002815B5 /* ProjectSpaceWatch Watch AppUITests.xctest */;
			productType = "com.apple.product-type.bundle.ui-testing";
		};
/* End PBXNativeTarget section */

/* Begin PBXProject section */
		B23B87F52AE22FFE002815B5 /* Project object */ = {
			isa = PBXProject;
			attributes = {
				BuildIndependentTargetsInParallel = 1;
				LastSwiftUpdateCheck = 1500;
				LastUpgradeCheck = 1500;
				TargetAttributes = {
					B23B87FC2AE22FFE002815B5 = {
						CreatedOnToolsVersion = 15.0;
					};
					B23B880E2AE22FFF002815B5 = {
						CreatedOnToolsVersion = 15.0;
						TestTargetID = B23B87FC2AE22FFE002815B5;
					};
					B23B88182AE22FFF002815B5 = {
						CreatedOnToolsVersion = 15.0;
						TestTargetID = B23B87FC2AE22FFE002815B5;
					};
					B23B886E2AE26283002815B5 = {
						CreatedOnToolsVersion = 15.0;
					};
					B23B887D2AE26284002815B5 = {
						CreatedOnToolsVersion = 15.0;
						TestTargetID = B23B886E2AE26283002815B5;
					};
					B23B88872AE26284002815B5 = {
						CreatedOnToolsVersion = 15.0;
						TestTargetID = B23B886E2AE26283002815B5;
					};
				};
			};
			buildConfigurationList = B23B87F82AE22FFE002815B5 /* Build configuration list for PBXProject "PersonalSpace" */;
			compatibilityVersion = "Xcode 14.0";
			developmentRegion = en;
			hasScannedForEncodings = 0;
			knownRegions = (
				en,
				Base,
			);
			mainGroup = B23B87F42AE22FFE002815B5;
			productRefGroup = B23B87FE2AE22FFE002815B5 /* Products */;
			projectDirPath = "";
			projectRoot = "";
			targets = (
				B23B87FC2AE22FFE002815B5 /* PersonalSpace */,
				B23B880E2AE22FFF002815B5 /* PersonalSpaceTests */,
				B23B88182AE22FFF002815B5 /* PersonalSpaceUITests */,
				B23B886E2AE26283002815B5 /* ProjectSpaceWatch Watch App */,
				B23B887D2AE26284002815B5 /* ProjectSpaceWatch Watch AppTests */,
				B23B88872AE26284002815B5 /* ProjectSpaceWatch Watch AppUITests */,
			);
		};
/* End PBXProject section */

/* Begin PBXResourcesBuildPhase section */
		B23B87FB2AE22FFE002815B5 /* Resources */ = {
			isa = PBXResourcesBuildPhase;
			buildActionMask = 2147483647;
			files = (
				B23B889C2AE264F3002815B5 /* RailsBroken.otf in Resources */,
				B23B889E2AE264F3002815B5 /* RailsDisplay.otf in Resources */,
				B23B880A2AE22FFF002815B5 /* Preview Assets.xcassets in Resources */,
				B23B88072AE22FFF002815B5 /* Assets.xcassets in Resources */,
			);
			runOnlyForDeploymentPostprocessing = 0;
		};
		B23B880D2AE22FFF002815B5 /* Resources */ = {
			isa = PBXResourcesBuildPhase;
			buildActionMask = 2147483647;
			files = (
			);
			runOnlyForDeploymentPostprocessing = 0;
		};
		B23B88172AE22FFF002815B5 /* Resources */ = {
			isa = PBXResourcesBuildPhase;
			buildActionMask = 2147483647;
			files = (
			);
			runOnlyForDeploymentPostprocessing = 0;
		};
		B23B886D2AE26283002815B5 /* Resources */ = {
			isa = PBXResourcesBuildPhase;
			buildActionMask = 2147483647;
			files = (
				B23B889D2AE264F3002815B5 /* RailsBroken.otf in Resources */,
				B23B889F2AE264F3002815B5 /* RailsDisplay.otf in Resources */,
				B23B88792AE26284002815B5 /* Preview Assets.xcassets in Resources */,
				B23B88762AE26284002815B5 /* Assets.xcassets in Resources */,
			);
			runOnlyForDeploymentPostprocessing = 0;
		};
		B23B887C2AE26284002815B5 /* Resources */ = {
			isa = PBXResourcesBuildPhase;
			buildActionMask = 2147483647;
			files = (
			);
			runOnlyForDeploymentPostprocessing = 0;
		};
		B23B88862AE26284002815B5 /* Resources */ = {
			isa = PBXResourcesBuildPhase;
			buildActionMask = 2147483647;
			files = (
			);
			runOnlyForDeploymentPostprocessing = 0;
		};
/* End PBXResourcesBuildPhase section */

/* Begin PBXSourcesBuildPhase section */
		B23B87F92AE22FFE002815B5 /* Sources */ = {
			isa = PBXSourcesBuildPhase;
			buildActionMask = 2147483647;
			files = (
				B23B88312AE2315D002815B5 /* Welcome.swift in Sources */,
				B23B88032AE22FFE002815B5 /* ContentView.swift in Sources */,
				B23B88052AE22FFE002815B5 /* Item.swift in Sources */,
				B23B88012AE22FFE002815B5 /* PersonalSpaceApp.swift in Sources */,
			);
			runOnlyForDeploymentPostprocessing = 0;
		};
		B23B880B2AE22FFF002815B5 /* Sources */ = {
			isa = PBXSourcesBuildPhase;
			buildActionMask = 2147483647;
			files = (
				B23B88142AE22FFF002815B5 /* PersonalSpaceTests.swift in Sources */,
			);
			runOnlyForDeploymentPostprocessing = 0;
		};
		B23B88152AE22FFF002815B5 /* Sources */ = {
			isa = PBXSourcesBuildPhase;
			buildActionMask = 2147483647;
			files = (
				B23B881E2AE22FFF002815B5 /* PersonalSpaceUITests.swift in Sources */,
				B23B88202AE22FFF002815B5 /* PersonalSpaceUITestsLaunchTests.swift in Sources */,
			);
			runOnlyForDeploymentPostprocessing = 0;
		};
		B23B886B2AE26283002815B5 /* Sources */ = {
			isa = PBXSourcesBuildPhase;
			buildActionMask = 2147483647;
			files = (
				B23B88742AE26283002815B5 /* ContentView.swift in Sources */,
				B23B88722AE26283002815B5 /* ProjectSpaceWatchApp.swift in Sources */,
			);
			runOnlyForDeploymentPostprocessing = 0;
		};
		B23B887A2AE26284002815B5 /* Sources */ = {
			isa = PBXSourcesBuildPhase;
			buildActionMask = 2147483647;
			files = (
				B23B88832AE26284002815B5 /* ProjectSpaceWatch_Watch_AppTests.swift in Sources */,
			);
			runOnlyForDeploymentPostprocessing = 0;
		};
		B23B88842AE26284002815B5 /* Sources */ = {
			isa = PBXSourcesBuildPhase;
			buildActionMask = 2147483647;
			files = (
				B23B888D2AE26284002815B5 /* ProjectSpaceWatch_Watch_AppUITests.swift in Sources */,
				B23B888F2AE26284002815B5 /* ProjectSpaceWatch_Watch_AppUITestsLaunchTests.swift in Sources */,
			);
			runOnlyForDeploymentPostprocessing = 0;
		};
/* End PBXSourcesBuildPhase section */

/* Begin PBXTargetDependency section */
		B23B88112AE22FFF002815B5 /* PBXTargetDependency */ = {
			isa = PBXTargetDependency;
			target = B23B87FC2AE22FFE002815B5 /* PersonalSpace */;
			targetProxy = B23B88102AE22FFF002815B5 /* PBXContainerItemProxy */;
		};
		B23B881B2AE22FFF002815B5 /* PBXTargetDependency */ = {
			isa = PBXTargetDependency;
			target = B23B87FC2AE22FFE002815B5 /* PersonalSpace */;
			targetProxy = B23B881A2AE22FFF002815B5 /* PBXContainerItemProxy */;
		};
		B23B88802AE26284002815B5 /* PBXTargetDependency */ = {
			isa = PBXTargetDependency;
			target = B23B886E2AE26283002815B5 /* ProjectSpaceWatch Watch App */;
			targetProxy = B23B887F2AE26284002815B5 /* PBXContainerItemProxy */;
		};
		B23B888A2AE26284002815B5 /* PBXTargetDependency */ = {
			isa = PBXTargetDependency;
			target = B23B886E2AE26283002815B5 /* ProjectSpaceWatch Watch App */;
			targetProxy = B23B88892AE26284002815B5 /* PBXContainerItemProxy */;
		};
/* End PBXTargetDependency section */

/* Begin XCBuildConfiguration section */
		B23B88212AE22FFF002815B5 /* Debug */ = {
			isa = XCBuildConfiguration;
			buildSettings = {
				ALWAYS_SEARCH_USER_PATHS = NO;
				ASSETCATALOG_COMPILER_GENERATE_SWIFT_ASSET_SYMBOL_EXTENSIONS = YES;
				CLANG_ANALYZER_NONNULL = YES;
				CLANG_ANALYZER_NUMBER_OBJECT_CONVERSION = YES_AGGRESSIVE;
				CLANG_CXX_LANGUAGE_STANDARD = "gnu++20";
				CLANG_ENABLE_MODULES = YES;
				CLANG_ENABLE_OBJC_ARC = YES;
				CLANG_ENABLE_OBJC_WEAK = YES;
				CLANG_WARN_BLOCK_CAPTURE_AUTORELEASING = YES;
				CLANG_WARN_BOOL_CONVERSION = YES;
				CLANG_WARN_COMMA = YES;
				CLANG_WARN_CONSTANT_CONVERSION = YES;
				CLANG_WARN_DEPRECATED_OBJC_IMPLEMENTATIONS = YES;
				CLANG_WARN_DIRECT_OBJC_ISA_USAGE = YES_ERROR;
				CLANG_WARN_DOCUMENTATION_COMMENTS = YES;
				CLANG_WARN_EMPTY_BODY = YES;
				CLANG_WARN_ENUM_CONVERSION = YES;
				CLANG_WARN_INFINITE_RECURSION = YES;
				CLANG_WARN_INT_CONVERSION = YES;
				CLANG_WARN_NON_LITERAL_NULL_CONVERSION = YES;
				CLANG_WARN_OBJC_IMPLICIT_RETAIN_SELF = YES;
				CLANG_WARN_OBJC_LITERAL_CONVERSION = YES;
				CLANG_WARN_OBJC_ROOT_CLASS = YES_ERROR;
				CLANG_WARN_QUOTED_INCLUDE_IN_FRAMEWORK_HEADER = YES;
				CLANG_WARN_RANGE_LOOP_ANALYSIS = YES;
				CLANG_WARN_STRICT_PROTOTYPES = YES;
				CLANG_WARN_SUSPICIOUS_MOVE = YES;
				CLANG_WARN_UNGUARDED_AVAILABILITY = YES_AGGRESSIVE;
				CLANG_WARN_UNREACHABLE_CODE = YES;
				CLANG_WARN__DUPLICATE_METHOD_MATCH = YES;
				COPY_PHASE_STRIP = NO;
				DEBUG_INFORMATION_FORMAT = dwarf;
				ENABLE_STRICT_OBJC_MSGSEND = YES;
				ENABLE_TESTABILITY = YES;
				ENABLE_USER_SCRIPT_SANDBOXING = YES;
				GCC_C_LANGUAGE_STANDARD = gnu17;
				GCC_DYNAMIC_NO_PIC = NO;
				GCC_NO_COMMON_BLOCKS = YES;
				GCC_OPTIMIZATION_LEVEL = 0;
				GCC_PREPROCESSOR_DEFINITIONS = (
					"DEBUG=1",
					"$(inherited)",
				);
				GCC_WARN_64_TO_32_BIT_CONVERSION = YES;
				GCC_WARN_ABOUT_RETURN_TYPE = YES_ERROR;
				GCC_WARN_UNDECLARED_SELECTOR = YES;
				GCC_WARN_UNINITIALIZED_AUTOS = YES_AGGRESSIVE;
				GCC_WARN_UNUSED_FUNCTION = YES;
				GCC_WARN_UNUSED_VARIABLE = YES;
				IPHONEOS_DEPLOYMENT_TARGET = 17.0;
				LOCALIZATION_PREFERS_STRING_CATALOGS = YES;
				MTL_ENABLE_DEBUG_INFO = INCLUDE_SOURCE;
				MTL_FAST_MATH = YES;
				ONLY_ACTIVE_ARCH = YES;
				SDKROOT = iphoneos;
				SWIFT_ACTIVE_COMPILATION_CONDITIONS = "DEBUG $(inherited)";
				SWIFT_OPTIMIZATION_LEVEL = "-Onone";
			};
			name = Debug;
		};
		B23B88222AE22FFF002815B5 /* Release */ = {
			isa = XCBuildConfiguration;
			buildSettings = {
				ALWAYS_SEARCH_USER_PATHS = NO;
				ASSETCATALOG_COMPILER_GENERATE_SWIFT_ASSET_SYMBOL_EXTENSIONS = YES;
				CLANG_ANALYZER_NONNULL = YES;
				CLANG_ANALYZER_NUMBER_OBJECT_CONVERSION = YES_AGGRESSIVE;
				CLANG_CXX_LANGUAGE_STANDARD = "gnu++20";
				CLANG_ENABLE_MODULES = YES;
				CLANG_ENABLE_OBJC_ARC = YES;
				CLANG_ENABLE_OBJC_WEAK = YES;
				CLANG_WARN_BLOCK_CAPTURE_AUTORELEASING = YES;
				CLANG_WARN_BOOL_CONVERSION = YES;
				CLANG_WARN_COMMA = YES;
				CLANG_WARN_CONSTANT_CONVERSION = YES;
				CLANG_WARN_DEPRECATED_OBJC_IMPLEMENTATIONS = YES;
				CLANG_WARN_DIRECT_OBJC_ISA_USAGE = YES_ERROR;
				CLANG_WARN_DOCUMENTATION_COMMENTS = YES;
				CLANG_WARN_EMPTY_BODY = YES;
				CLANG_WARN_ENUM_CONVERSION = YES;
				CLANG_WARN_INFINITE_RECURSION = YES;
				CLANG_WARN_INT_CONVERSION = YES;
				CLANG_WARN_NON_LITERAL_NULL_CONVERSION = YES;
				CLANG_WARN_OBJC_IMPLICIT_RETAIN_SELF = YES;
				CLANG_WARN_OBJC_LITERAL_CONVERSION = YES;
				CLANG_WARN_OBJC_ROOT_CLASS = YES_ERROR;
				CLANG_WARN_QUOTED_INCLUDE_IN_FRAMEWORK_HEADER = YES;
				CLANG_WARN_RANGE_LOOP_ANALYSIS = YES;
				CLANG_WARN_STRICT_PROTOTYPES = YES;
				CLANG_WARN_SUSPICIOUS_MOVE = YES;
				CLANG_WARN_UNGUARDED_AVAILABILITY = YES_AGGRESSIVE;
				CLANG_WARN_UNREACHABLE_CODE = YES;
				CLANG_WARN__DUPLICATE_METHOD_MATCH = YES;
				COPY_PHASE_STRIP = NO;
				DEBUG_INFORMATION_FORMAT = "dwarf-with-dsym";
				ENABLE_NS_ASSERTIONS = NO;
				ENABLE_STRICT_OBJC_MSGSEND = YES;
				ENABLE_USER_SCRIPT_SANDBOXING = YES;
				GCC_C_LANGUAGE_STANDARD = gnu17;
				GCC_NO_COMMON_BLOCKS = YES;
				GCC_WARN_64_TO_32_BIT_CONVERSION = YES;
				GCC_WARN_ABOUT_RETURN_TYPE = YES_ERROR;
				GCC_WARN_UNDECLARED_SELECTOR = YES;
				GCC_WARN_UNINITIALIZED_AUTOS = YES_AGGRESSIVE;
				GCC_WARN_UNUSED_FUNCTION = YES;
				GCC_WARN_UNUSED_VARIABLE = YES;
				IPHONEOS_DEPLOYMENT_TARGET = 17.0;
				LOCALIZATION_PREFERS_STRING_CATALOGS = YES;
				MTL_ENABLE_DEBUG_INFO = NO;
				MTL_FAST_MATH = YES;
				SDKROOT = iphoneos;
				SWIFT_COMPILATION_MODE = wholemodule;
				VALIDATE_PRODUCT = YES;
			};
			name = Release;
		};
		B23B88242AE22FFF002815B5 /* Debug */ = {
			isa = XCBuildConfiguration;
			buildSettings = {
				ASSETCATALOG_COMPILER_APPICON_NAME = AppIcon;
				ASSETCATALOG_COMPILER_GLOBAL_ACCENT_COLOR_NAME = AccentColor;
				CODE_SIGN_STYLE = Automatic;
				CURRENT_PROJECT_VERSION = 1;
				DEVELOPMENT_ASSET_PATHS = "\"PersonalSpace/Preview Content\"";
				ENABLE_PREVIEWS = YES;
				GENERATE_INFOPLIST_FILE = YES;
				INFOPLIST_FILE = PersonalSpace/Info.plist;
				INFOPLIST_KEY_UIApplicationSceneManifest_Generation = YES;
				INFOPLIST_KEY_UIApplicationSupportsIndirectInputEvents = YES;
				INFOPLIST_KEY_UILaunchScreen_Generation = YES;
				INFOPLIST_KEY_UISupportedInterfaceOrientations_iPad = "UIInterfaceOrientationPortrait UIInterfaceOrientationPortraitUpsideDown UIInterfaceOrientationLandscapeLeft UIInterfaceOrientationLandscapeRight";
				INFOPLIST_KEY_UISupportedInterfaceOrientations_iPhone = "UIInterfaceOrientationPortrait UIInterfaceOrientationLandscapeLeft UIInterfaceOrientationLandscapeRight";
				LD_RUNPATH_SEARCH_PATHS = (
					"$(inherited)",
					"@executable_path/Frameworks",
				);
				MARKETING_VERSION = 1.0;
				PRODUCT_BUNDLE_IDENTIFIER = com.afs.PersonalSpace;
				PRODUCT_NAME = "$(TARGET_NAME)";
				SWIFT_EMIT_LOC_STRINGS = YES;
				SWIFT_VERSION = 5.0;
				TARGETED_DEVICE_FAMILY = "1,2";
			};
			name = Debug;
		};
		B23B88252AE22FFF002815B5 /* Release */ = {
			isa = XCBuildConfiguration;
			buildSettings = {
				ASSETCATALOG_COMPILER_APPICON_NAME = AppIcon;
				ASSETCATALOG_COMPILER_GLOBAL_ACCENT_COLOR_NAME = AccentColor;
				CODE_SIGN_STYLE = Automatic;
				CURRENT_PROJECT_VERSION = 1;
				DEVELOPMENT_ASSET_PATHS = "\"PersonalSpace/Preview Content\"";
				ENABLE_PREVIEWS = YES;
				GENERATE_INFOPLIST_FILE = YES;
				INFOPLIST_FILE = PersonalSpace/Info.plist;
				INFOPLIST_KEY_UIApplicationSceneManifest_Generation = YES;
				INFOPLIST_KEY_UIApplicationSupportsIndirectInputEvents = YES;
				INFOPLIST_KEY_UILaunchScreen_Generation = YES;
				INFOPLIST_KEY_UISupportedInterfaceOrientations_iPad = "UIInterfaceOrientationPortrait UIInterfaceOrientationPortraitUpsideDown UIInterfaceOrientationLandscapeLeft UIInterfaceOrientationLandscapeRight";
				INFOPLIST_KEY_UISupportedInterfaceOrientations_iPhone = "UIInterfaceOrientationPortrait UIInterfaceOrientationLandscapeLeft UIInterfaceOrientationLandscapeRight";
				LD_RUNPATH_SEARCH_PATHS = (
					"$(inherited)",
					"@executable_path/Frameworks",
				);
				MARKETING_VERSION = 1.0;
				PRODUCT_BUNDLE_IDENTIFIER = com.afs.PersonalSpace;
				PRODUCT_NAME = "$(TARGET_NAME)";
				SWIFT_EMIT_LOC_STRINGS = YES;
				SWIFT_VERSION = 5.0;
				TARGETED_DEVICE_FAMILY = "1,2";
			};
			name = Release;
		};
		B23B88272AE22FFF002815B5 /* Debug */ = {
			isa = XCBuildConfiguration;
			buildSettings = {
				ALWAYS_EMBED_SWIFT_STANDARD_LIBRARIES = YES;
				BUNDLE_LOADER = "$(TEST_HOST)";
				CODE_SIGN_STYLE = Automatic;
				CURRENT_PROJECT_VERSION = 1;
				GENERATE_INFOPLIST_FILE = YES;
				IPHONEOS_DEPLOYMENT_TARGET = 17.0;
				MARKETING_VERSION = 1.0;
				PRODUCT_BUNDLE_IDENTIFIER = com.afs.PersonalSpaceTests;
				PRODUCT_NAME = "$(TARGET_NAME)";
				SWIFT_EMIT_LOC_STRINGS = NO;
				SWIFT_VERSION = 5.0;
				TARGETED_DEVICE_FAMILY = "1,2";
				TEST_HOST = "$(BUILT_PRODUCTS_DIR)/PersonalSpace.app/$(BUNDLE_EXECUTABLE_FOLDER_PATH)/PersonalSpace";
			};
			name = Debug;
		};
		B23B88282AE22FFF002815B5 /* Release */ = {
			isa = XCBuildConfiguration;
			buildSettings = {
				ALWAYS_EMBED_SWIFT_STANDARD_LIBRARIES = YES;
				BUNDLE_LOADER = "$(TEST_HOST)";
				CODE_SIGN_STYLE = Automatic;
				CURRENT_PROJECT_VERSION = 1;
				GENERATE_INFOPLIST_FILE = YES;
				IPHONEOS_DEPLOYMENT_TARGET = 17.0;
				MARKETING_VERSION = 1.0;
				PRODUCT_BUNDLE_IDENTIFIER = com.afs.PersonalSpaceTests;
				PRODUCT_NAME = "$(TARGET_NAME)";
				SWIFT_EMIT_LOC_STRINGS = NO;
				SWIFT_VERSION = 5.0;
				TARGETED_DEVICE_FAMILY = "1,2";
				TEST_HOST = "$(BUILT_PRODUCTS_DIR)/PersonalSpace.app/$(BUNDLE_EXECUTABLE_FOLDER_PATH)/PersonalSpace";
			};
			name = Release;
		};
		B23B882A2AE22FFF002815B5 /* Debug */ = {
			isa = XCBuildConfiguration;
			buildSettings = {
				ALWAYS_EMBED_SWIFT_STANDARD_LIBRARIES = YES;
				CODE_SIGN_STYLE = Automatic;
				CURRENT_PROJECT_VERSION = 1;
				GENERATE_INFOPLIST_FILE = YES;
				MARKETING_VERSION = 1.0;
				PRODUCT_BUNDLE_IDENTIFIER = com.afs.PersonalSpaceUITests;
				PRODUCT_NAME = "$(TARGET_NAME)";
				SWIFT_EMIT_LOC_STRINGS = NO;
				SWIFT_VERSION = 5.0;
				TARGETED_DEVICE_FAMILY = "1,2";
				TEST_TARGET_NAME = PersonalSpace;
			};
			name = Debug;
		};
		B23B882B2AE22FFF002815B5 /* Release */ = {
			isa = XCBuildConfiguration;
			buildSettings = {
				ALWAYS_EMBED_SWIFT_STANDARD_LIBRARIES = YES;
				CODE_SIGN_STYLE = Automatic;
				CURRENT_PROJECT_VERSION = 1;
				GENERATE_INFOPLIST_FILE = YES;
				MARKETING_VERSION = 1.0;
				PRODUCT_BUNDLE_IDENTIFIER = com.afs.PersonalSpaceUITests;
				PRODUCT_NAME = "$(TARGET_NAME)";
				SWIFT_EMIT_LOC_STRINGS = NO;
				SWIFT_VERSION = 5.0;
				TARGETED_DEVICE_FAMILY = "1,2";
				TEST_TARGET_NAME = PersonalSpace;
			};
			name = Release;
		};
		B23B88912AE26284002815B5 /* Debug */ = {
			isa = XCBuildConfiguration;
			buildSettings = {
				ASSETCATALOG_COMPILER_APPICON_NAME = AppIcon;
				ASSETCATALOG_COMPILER_GLOBAL_ACCENT_COLOR_NAME = AccentColor;
				CODE_SIGN_STYLE = Automatic;
				CURRENT_PROJECT_VERSION = 1;
				DEVELOPMENT_ASSET_PATHS = "\"ProjectSpaceWatch Watch App/Preview Content\"";
				ENABLE_PREVIEWS = YES;
				GENERATE_INFOPLIST_FILE = YES;
				INFOPLIST_KEY_CFBundleDisplayName = ProjectSpaceWatch;
				INFOPLIST_KEY_UISupportedInterfaceOrientations = "UIInterfaceOrientationPortrait UIInterfaceOrientationPortraitUpsideDown";
				INFOPLIST_KEY_WKCompanionAppBundleIdentifier = "";
				LD_RUNPATH_SEARCH_PATHS = (
					"$(inherited)",
					"@executable_path/Frameworks",
				);
				MARKETING_VERSION = 1.0;
				PRODUCT_BUNDLE_IDENTIFIER = .watchkitapp;
				PRODUCT_NAME = "$(TARGET_NAME)";
				SDKROOT = watchos;
				SKIP_INSTALL = YES;
				SWIFT_EMIT_LOC_STRINGS = YES;
				SWIFT_VERSION = 5.0;
				TARGETED_DEVICE_FAMILY = 4;
				WATCHOS_DEPLOYMENT_TARGET = 10.0;
			};
			name = Debug;
		};
		B23B88922AE26284002815B5 /* Release */ = {
			isa = XCBuildConfiguration;
			buildSettings = {
				ASSETCATALOG_COMPILER_APPICON_NAME = AppIcon;
				ASSETCATALOG_COMPILER_GLOBAL_ACCENT_COLOR_NAME = AccentColor;
				CODE_SIGN_STYLE = Automatic;
				CURRENT_PROJECT_VERSION = 1;
				DEVELOPMENT_ASSET_PATHS = "\"ProjectSpaceWatch Watch App/Preview Content\"";
				ENABLE_PREVIEWS = YES;
				GENERATE_INFOPLIST_FILE = YES;
				INFOPLIST_KEY_CFBundleDisplayName = ProjectSpaceWatch;
				INFOPLIST_KEY_UISupportedInterfaceOrientations = "UIInterfaceOrientationPortrait UIInterfaceOrientationPortraitUpsideDown";
				INFOPLIST_KEY_WKCompanionAppBundleIdentifier = "";
				LD_RUNPATH_SEARCH_PATHS = (
					"$(inherited)",
					"@executable_path/Frameworks",
				);
				MARKETING_VERSION = 1.0;
				PRODUCT_BUNDLE_IDENTIFIER = .watchkitapp;
				PRODUCT_NAME = "$(TARGET_NAME)";
				SDKROOT = watchos;
				SKIP_INSTALL = YES;
				SWIFT_EMIT_LOC_STRINGS = YES;
				SWIFT_VERSION = 5.0;
				TARGETED_DEVICE_FAMILY = 4;
				WATCHOS_DEPLOYMENT_TARGET = 10.0;
			};
			name = Release;
		};
		B23B88942AE26284002815B5 /* Debug */ = {
			isa = XCBuildConfiguration;
			buildSettings = {
				ALWAYS_EMBED_SWIFT_STANDARD_LIBRARIES = YES;
				BUNDLE_LOADER = "$(TEST_HOST)";
				CODE_SIGN_STYLE = Automatic;
				CURRENT_PROJECT_VERSION = 1;
				GENERATE_INFOPLIST_FILE = YES;
				MARKETING_VERSION = 1.0;
				PRODUCT_BUNDLE_IDENTIFIER = "com.afs.ProjectSpaceWatch-Watch-AppTests";
				PRODUCT_NAME = "$(TARGET_NAME)";
				SDKROOT = watchos;
				SWIFT_EMIT_LOC_STRINGS = NO;
				SWIFT_VERSION = 5.0;
				TARGETED_DEVICE_FAMILY = 4;
				TEST_HOST = "$(BUILT_PRODUCTS_DIR)/ProjectSpaceWatch Watch App.app/$(BUNDLE_EXECUTABLE_FOLDER_PATH)/ProjectSpaceWatch Watch App";
				WATCHOS_DEPLOYMENT_TARGET = 10.0;
			};
			name = Debug;
		};
		B23B88952AE26284002815B5 /* Release */ = {
			isa = XCBuildConfiguration;
			buildSettings = {
				ALWAYS_EMBED_SWIFT_STANDARD_LIBRARIES = YES;
				BUNDLE_LOADER = "$(TEST_HOST)";
				CODE_SIGN_STYLE = Automatic;
				CURRENT_PROJECT_VERSION = 1;
				GENERATE_INFOPLIST_FILE = YES;
				MARKETING_VERSION = 1.0;
				PRODUCT_BUNDLE_IDENTIFIER = "com.afs.ProjectSpaceWatch-Watch-AppTests";
				PRODUCT_NAME = "$(TARGET_NAME)";
				SDKROOT = watchos;
				SWIFT_EMIT_LOC_STRINGS = NO;
				SWIFT_VERSION = 5.0;
				TARGETED_DEVICE_FAMILY = 4;
				TEST_HOST = "$(BUILT_PRODUCTS_DIR)/ProjectSpaceWatch Watch App.app/$(BUNDLE_EXECUTABLE_FOLDER_PATH)/ProjectSpaceWatch Watch App";
				WATCHOS_DEPLOYMENT_TARGET = 10.0;
			};
			name = Release;
		};
		B23B88972AE26284002815B5 /* Debug */ = {
			isa = XCBuildConfiguration;
			buildSettings = {
				ALWAYS_EMBED_SWIFT_STANDARD_LIBRARIES = YES;
				CODE_SIGN_STYLE = Automatic;
				CURRENT_PROJECT_VERSION = 1;
				GENERATE_INFOPLIST_FILE = YES;
				MARKETING_VERSION = 1.0;
				PRODUCT_BUNDLE_IDENTIFIER = "com.afs.ProjectSpaceWatch-Watch-AppUITests";
				PRODUCT_NAME = "$(TARGET_NAME)";
				SDKROOT = watchos;
				SWIFT_EMIT_LOC_STRINGS = NO;
				SWIFT_VERSION = 5.0;
				TARGETED_DEVICE_FAMILY = 4;
				TEST_TARGET_NAME = "ProjectSpaceWatch Watch App";
				WATCHOS_DEPLOYMENT_TARGET = 10.0;
			};
			name = Debug;
		};
		B23B88982AE26284002815B5 /* Release */ = {
			isa = XCBuildConfiguration;
			buildSettings = {
				ALWAYS_EMBED_SWIFT_STANDARD_LIBRARIES = YES;
				CODE_SIGN_STYLE = Automatic;
				CURRENT_PROJECT_VERSION = 1;
				GENERATE_INFOPLIST_FILE = YES;
				MARKETING_VERSION = 1.0;
				PRODUCT_BUNDLE_IDENTIFIER = "com.afs.ProjectSpaceWatch-Watch-AppUITests";
				PRODUCT_NAME = "$(TARGET_NAME)";
				SDKROOT = watchos;
				SWIFT_EMIT_LOC_STRINGS = NO;
				SWIFT_VERSION = 5.0;
				TARGETED_DEVICE_FAMILY = 4;
				TEST_TARGET_NAME = "ProjectSpaceWatch Watch App";
				WATCHOS_DEPLOYMENT_TARGET = 10.0;
			};
			name = Release;
		};
/* End XCBuildConfiguration section */

/* Begin XCConfigurationList section */
		B23B87F82AE22FFE002815B5 /* Build configuration list for PBXProject "PersonalSpace" */ = {
			isa = XCConfigurationList;
			buildConfigurations = (
				B23B88212AE22FFF002815B5 /* Debug */,
				B23B88222AE22FFF002815B5 /* Release */,
			);
			defaultConfigurationIsVisible = 0;
			defaultConfigurationName = Release;
		};
		B23B88232AE22FFF002815B5 /* Build configuration list for PBXNativeTarget "PersonalSpace" */ = {
			isa = XCConfigurationList;
			buildConfigurations = (
				B23B88242AE22FFF002815B5 /* Debug */,
				B23B88252AE22FFF002815B5 /* Release */,
			);
			defaultConfigurationIsVisible = 0;
			defaultConfigurationName = Release;
		};
		B23B88262AE22FFF002815B5 /* Build configuration list for PBXNativeTarget "PersonalSpaceTests" */ = {
			isa = XCConfigurationList;
			buildConfigurations = (
				B23B88272AE22FFF002815B5 /* Debug */,
				B23B88282AE22FFF002815B5 /* Release */,
			);
			defaultConfigurationIsVisible = 0;
			defaultConfigurationName = Release;
		};
		B23B88292AE22FFF002815B5 /* Build configuration list for PBXNativeTarget "PersonalSpaceUITests" */ = {
			isa = XCConfigurationList;
			buildConfigurations = (
				B23B882A2AE22FFF002815B5 /* Debug */,
				B23B882B2AE22FFF002815B5 /* Release */,
			);
			defaultConfigurationIsVisible = 0;
			defaultConfigurationName = Release;
		};
		B23B88902AE26284002815B5 /* Build configuration list for PBXNativeTarget "ProjectSpaceWatch Watch App" */ = {
			isa = XCConfigurationList;
			buildConfigurations = (
				B23B88912AE26284002815B5 /* Debug */,
				B23B88922AE26284002815B5 /* Release */,
			);
			defaultConfigurationIsVisible = 0;
			defaultConfigurationName = Release;
		};
		B23B88932AE26284002815B5 /* Build configuration list for PBXNativeTarget "ProjectSpaceWatch Watch AppTests" */ = {
			isa = XCConfigurationList;
			buildConfigurations = (
				B23B88942AE26284002815B5 /* Debug */,
				B23B88952AE26284002815B5 /* Release */,
			);
			defaultConfigurationIsVisible = 0;
			defaultConfigurationName = Release;
		};
		B23B88962AE26284002815B5 /* Build configuration list for PBXNativeTarget "ProjectSpaceWatch Watch AppUITests" */ = {
			isa = XCConfigurationList;
			buildConfigurations = (
				B23B88972AE26284002815B5 /* Debug */,
				B23B88982AE26284002815B5 /* Release */,
			);
			defaultConfigurationIsVisible = 0;
			defaultConfigurationName = Release;
		};
/* End XCConfigurationList section */
	};
	rootObject = B23B87F52AE22FFE002815B5 /* Project object */;
}
